
Microsoft Visual Studio Solution File, Format Version 12.00
# Visual Studio Version 16
VisualStudioVersion = 16.0.30907.101
MinimumVisualStudioVersion = 10.0.40219.1
Project("{FAE04EC0-301F-11D3-BF4B-00C04F79EFBC}") = "EvaluatorRiscuri", "EvaluatorRiscuri\EvaluatorRiscuri.csproj", "{57738EC2-8938-4DB2-88DB-28441A6DFDC3}"
EndProject
Global
	GlobalSection(SolutionConfigurationPlatforms) = preSolution
		Debug|Any CPU = Debug|Any CPU
		Release|Any CPU = Release|Any CPU
	EndGlobalSection
	GlobalSection(ProjectConfigurationPlatforms) = postSolution
		{57738EC2-8938-4DB2-88DB-28441A6DFDC3}.Debug|Any CPU.ActiveCfg = Debug|Any CPU
		{57738EC2-8938-4DB2-88DB-28441A6DFDC3}.Debug|Any CPU.Build.0 = Debug|Any CPU
		{57738EC2-8938-4DB2-88DB-28441A6DFDC3}.Release|Any CPU.ActiveCfg = Release|Any CPU
		{57738EC2-8938-4DB2-88DB-28441A6DFDC3}.Release|Any CPU.Build.0 = Release|Any CPU
	EndGlobalSection
	GlobalSection(SolutionProperties) = preSolution
		HideSolutionNode = FALSE
	EndGlobalSection
	GlobalSection(ExtensibilityGlobals) = postSolution
		SolutionGuid = {AE2DDBC4-092E-4443-A4DE-394574216EC5}
	EndGlobalSection
EndGlobal
